
Microsoft Visual Studio Solution File, Format Version 12.00
# Visual Studio 15
VisualStudioVersion = 15.0.27428.2015
MinimumVisualStudioVersion = 10.0.40219.1
Project("{FAE04EC0-301F-11D3-BF4B-00C04F79EFBC}") = "pe.edu.upc.model", "pe.edu.upc.model\pe.edu.upc.model.csproj", "{18D497F8-4021-4152-822E-DBD538357039}"
EndProject
Project("{FAE04EC0-301F-11D3-BF4B-00C04F79EFBC}") = "pe.edu.upc.repository", "pe.edu.upc.repository\pe.edu.upc.repository.csproj", "{3557DFC8-FA80-4BB8-AEEF-D9042D386B0E}"
EndProject
Project("{FAE04EC0-301F-11D3-BF4B-00C04F79EFBC}") = "pe.edu.upc.service", "pe.edu.upc.service\pe.edu.upc.service.csproj", "{4DF69252-03B4-4E21-BC6E-9B671A5A0A6F}"
EndProject
Project("{FAE04EC0-301F-11D3-BF4B-00C04F79EFBC}") = "pe.edu.upc.view", "pe.edu.upc.view\pe.edu.upc.view.csproj", "{C48A9CD8-142E-49B7-B959-EDE0E9D0FF77}"
EndProject
Global
	GlobalSection(SolutionConfigurationPlatforms) = preSolution
		Debug|Any CPU = Debug|Any CPU
		Release|Any CPU = Release|Any CPU
	EndGlobalSection
	GlobalSection(ProjectConfigurationPlatforms) = postSolution
		{18D497F8-4021-4152-822E-DBD538357039}.Debug|Any CPU.ActiveCfg = Debug|Any CPU
		{18D497F8-4021-4152-822E-DBD538357039}.Debug|Any CPU.Build.0 = Debug|Any CPU
		{18D497F8-4021-4152-822E-DBD538357039}.Release|Any CPU.ActiveCfg = Release|Any CPU
		{18D497F8-4021-4152-822E-DBD538357039}.Release|Any CPU.Build.0 = Release|Any CPU
		{3557DFC8-FA80-4BB8-AEEF-D9042D386B0E}.Debug|Any CPU.ActiveCfg = Debug|Any CPU
		{3557DFC8-FA80-4BB8-AEEF-D9042D386B0E}.Debug|Any CPU.Build.0 = Debug|Any CPU
		{3557DFC8-FA80-4BB8-AEEF-D9042D386B0E}.Release|Any CPU.ActiveCfg = Release|Any CPU
		{3557DFC8-FA80-4BB8-AEEF-D9042D386B0E}.Release|Any CPU.Build.0 = Release|Any CPU
		{4DF69252-03B4-4E21-BC6E-9B671A5A0A6F}.Debug|Any CPU.ActiveCfg = Debug|Any CPU
		{4DF69252-03B4-4E21-BC6E-9B671A5A0A6F}.Debug|Any CPU.Build.0 = Debug|Any CPU
		{4DF69252-03B4-4E21-BC6E-9B671A5A0A6F}.Release|Any CPU.ActiveCfg = Release|Any CPU
		{4DF69252-03B4-4E21-BC6E-9B671A5A0A6F}.Release|Any CPU.Build.0 = Release|Any CPU
		{C48A9CD8-142E-49B7-B959-EDE0E9D0FF77}.Debug|Any CPU.ActiveCfg = Debug|Any CPU
		{C48A9CD8-142E-49B7-B959-EDE0E9D0FF77}.Debug|Any CPU.Build.0 = Debug|Any CPU
		{C48A9CD8-142E-49B7-B959-EDE0E9D0FF77}.Release|Any CPU.ActiveCfg = Release|Any CPU
		{C48A9CD8-142E-49B7-B959-EDE0E9D0FF77}.Release|Any CPU.Build.0 = Release|Any CPU
	EndGlobalSection
	GlobalSection(SolutionProperties) = preSolution
		HideSolutionNode = FALSE
	EndGlobalSection
	GlobalSection(ExtensibilityGlobals) = postSolution
		SolutionGuid = {BA66FA67-086C-4352-9B3F-9CA2AC5F999B}
	EndGlobalSection
EndGlobal
